
Microsoft Visual Studio Solution File, Format Version 12.00
# Visual Studio Version 16
VisualStudioVersion = 16.0.31605.320
MinimumVisualStudioVersion = 10.0.40219.1
Project("{9A19103F-16F7-4668-BE54-9A1E7A4F7556}") = "AspNetSandbox", "AspNetSandbox\AspNetSandbox.csproj", "{D45FEB36-1537-4236-9226-AB533880DF1B}"
EndProject
Project("{9A19103F-16F7-4668-BE54-9A1E7A4F7556}") = "AspNetSandbox.Tests", "AspNetSandbox.Tests\AspNetSandbox.Tests.csproj", "{C2612173-5F06-49DA-9D38-E08C3131F79C}"
EndProject
Project("{9A19103F-16F7-4668-BE54-9A1E7A4F7556}") = "DockerSandbox", "DockerSandbox\DockerSandbox.csproj", "{25938D4B-4FBB-4713-A31C-F9BE1C259315}"
EndProject
Project("{2150E333-8FDC-42A3-9474-1A3956D46DE8}") = "Solution Items", "Solution Items", "{B090AADD-49E0-4DC6-AF19-64390CCFF67D}"
	ProjectSection(SolutionItems) = preProject
		.editorconfig = .editorconfig
		.github\workflows\dotnet.yml = .github\workflows\dotnet.yml
	EndProjectSection
EndProject
Project("{FAE04EC0-301F-11D3-BF4B-00C04F79EFBC}") = "DBSandbox", "DBSandbox\DBSandbox.csproj", "{2933352E-23CE-419A-8169-530D4DD8CCA0}"
EndProject
Global
	GlobalSection(SolutionConfigurationPlatforms) = preSolution
		Debug|Any CPU = Debug|Any CPU
		Release|Any CPU = Release|Any CPU
	EndGlobalSection
	GlobalSection(ProjectConfigurationPlatforms) = postSolution
		{D45FEB36-1537-4236-9226-AB533880DF1B}.Debug|Any CPU.ActiveCfg = Debug|Any CPU
		{D45FEB36-1537-4236-9226-AB533880DF1B}.Debug|Any CPU.Build.0 = Debug|Any CPU
		{D45FEB36-1537-4236-9226-AB533880DF1B}.Release|Any CPU.ActiveCfg = Release|Any CPU
		{D45FEB36-1537-4236-9226-AB533880DF1B}.Release|Any CPU.Build.0 = Release|Any CPU
		{C2612173-5F06-49DA-9D38-E08C3131F79C}.Debug|Any CPU.ActiveCfg = Debug|Any CPU
		{C2612173-5F06-49DA-9D38-E08C3131F79C}.Debug|Any CPU.Build.0 = Debug|Any CPU
		{C2612173-5F06-49DA-9D38-E08C3131F79C}.Release|Any CPU.ActiveCfg = Release|Any CPU
		{C2612173-5F06-49DA-9D38-E08C3131F79C}.Release|Any CPU.Build.0 = Release|Any CPU
		{25938D4B-4FBB-4713-A31C-F9BE1C259315}.Debug|Any CPU.ActiveCfg = Debug|Any CPU
		{25938D4B-4FBB-4713-A31C-F9BE1C259315}.Debug|Any CPU.Build.0 = Debug|Any CPU
		{25938D4B-4FBB-4713-A31C-F9BE1C259315}.Release|Any CPU.ActiveCfg = Release|Any CPU
		{25938D4B-4FBB-4713-A31C-F9BE1C259315}.Release|Any CPU.Build.0 = Release|Any CPU
		{2933352E-23CE-419A-8169-530D4DD8CCA0}.Debug|Any CPU.ActiveCfg = Debug|Any CPU
		{2933352E-23CE-419A-8169-530D4DD8CCA0}.Debug|Any CPU.Build.0 = Debug|Any CPU
		{2933352E-23CE-419A-8169-530D4DD8CCA0}.Release|Any CPU.ActiveCfg = Release|Any CPU
		{2933352E-23CE-419A-8169-530D4DD8CCA0}.Release|Any CPU.Build.0 = Release|Any CPU
	EndGlobalSection
	GlobalSection(SolutionProperties) = preSolution
		HideSolutionNode = FALSE
	EndGlobalSection
	GlobalSection(ExtensibilityGlobals) = postSolution
		SolutionGuid = {81FF65CD-943E-4D39-973F-9E07AA845EB4}
	EndGlobalSection
EndGlobal
